
Microsoft Visual Studio Solution File, Format Version 12.00
# Visual Studio Version 17
VisualStudioVersion = 17.4.33213.308
MinimumVisualStudioVersion = 10.0.40219.1
Project("{9A19103F-16F7-4668-BE54-9A1E7A4F7556}") = "bbqueue", "bbqueue.csproj", "{D26A8FBD-7777-4EAE-A2B3-9C9476336551}"
EndProject
Project("{9A19103F-16F7-4668-BE54-9A1E7A4F7556}") = "integrationTests", "..\integrationTests\integrationTests.csproj", "{0CB42466-1548-4646-B817-F41584679D81}"
EndProject
Project("{9A19103F-16F7-4668-BE54-9A1E7A4F7556}") = "BBQueueTest", "..\BBQueueTest\BBQueueTest.csproj", "{814D31D7-CE0D-4730-8252-65B67DB9AC03}"
EndProject
Project("{FAE04EC0-301F-11D3-BF4B-00C04F79EFBC}") = "EmployeeService", "..\EmployeeService\EmployeeService.csproj", "{66980218-454F-4287-B67F-241185053E3A}"
EndProject
Global
	GlobalSection(SolutionConfigurationPlatforms) = preSolution
		Debug|Any CPU = Debug|Any CPU
		Release|Any CPU = Release|Any CPU
	EndGlobalSection
	GlobalSection(ProjectConfigurationPlatforms) = postSolution
		{D26A8FBD-7777-4EAE-A2B3-9C9476336551}.Debug|Any CPU.ActiveCfg = Debug|Any CPU
		{D26A8FBD-7777-4EAE-A2B3-9C9476336551}.Debug|Any CPU.Build.0 = Debug|Any CPU
		{D26A8FBD-7777-4EAE-A2B3-9C9476336551}.Release|Any CPU.ActiveCfg = Release|Any CPU
		{D26A8FBD-7777-4EAE-A2B3-9C9476336551}.Release|Any CPU.Build.0 = Release|Any CPU
		{0CB42466-1548-4646-B817-F41584679D81}.Debug|Any CPU.ActiveCfg = Debug|Any CPU
		{0CB42466-1548-4646-B817-F41584679D81}.Debug|Any CPU.Build.0 = Debug|Any CPU
		{0CB42466-1548-4646-B817-F41584679D81}.Release|Any CPU.ActiveCfg = Release|Any CPU
		{0CB42466-1548-4646-B817-F41584679D81}.Release|Any CPU.Build.0 = Release|Any CPU
		{814D31D7-CE0D-4730-8252-65B67DB9AC03}.Debug|Any CPU.ActiveCfg = Debug|Any CPU
		{814D31D7-CE0D-4730-8252-65B67DB9AC03}.Debug|Any CPU.Build.0 = Debug|Any CPU
		{814D31D7-CE0D-4730-8252-65B67DB9AC03}.Release|Any CPU.ActiveCfg = Release|Any CPU
		{814D31D7-CE0D-4730-8252-65B67DB9AC03}.Release|Any CPU.Build.0 = Release|Any CPU
		{66980218-454F-4287-B67F-241185053E3A}.Debug|Any CPU.ActiveCfg = Debug|Any CPU
		{66980218-454F-4287-B67F-241185053E3A}.Debug|Any CPU.Build.0 = Debug|Any CPU
		{66980218-454F-4287-B67F-241185053E3A}.Release|Any CPU.ActiveCfg = Release|Any CPU
		{66980218-454F-4287-B67F-241185053E3A}.Release|Any CPU.Build.0 = Release|Any CPU
	EndGlobalSection
	GlobalSection(SolutionProperties) = preSolution
		HideSolutionNode = FALSE
	EndGlobalSection
	GlobalSection(ExtensibilityGlobals) = postSolution
		SolutionGuid = {A33BEB26-BC33-44A2-8065-3FDB9F6BDC9D}
	EndGlobalSection
EndGlobal
